
Microsoft Visual Studio Solution File, Format Version 12.00
# Visual Studio Version 17
VisualStudioVersion = 17.3.32819.101
MinimumVisualStudioVersion = 10.0.40219.1
Project("{2150E333-8FDC-42A3-9474-1A3956D46DE8}") = "Sources", "Sources", "{43118FCC-2DA1-427B-B8E7-588BF9480446}"
EndProject
Project("{9A19103F-16F7-4668-BE54-9A1E7A4F7556}") = "SettingsScrapper.Cli", "src\SettingsScrapper.Cli\SettingsScrapper.Cli.csproj", "{F2A84FB3-3D26-4F4B-A114-0A66C7259565}"
EndProject
Project("{9A19103F-16F7-4668-BE54-9A1E7A4F7556}") = "SettingsScrapper.Core", "src\SettingsScrapper.Core\SettingsScrapper.Core.csproj", "{BE7362E8-ACD4-41E1-B5D0-D346E21BD4FE}"
EndProject
Project("{2150E333-8FDC-42A3-9474-1A3956D46DE8}") = "Tests", "Tests", "{6CFA5A70-0D45-452C-9CA9-189191ACB3EB}"
EndProject
Project("{9A19103F-16F7-4668-BE54-9A1E7A4F7556}") = "TestAppNet7.0", "tests\TestAppNet7.0\TestAppNet7.0.csproj", "{8C71A129-0E8D-4414-B30D-6B7C20CD7D7E}"
EndProject
Project("{9A19103F-16F7-4668-BE54-9A1E7A4F7556}") = "FunctionalTests", "tests\FunctionalTests\FunctionalTests.csproj", "{D1EDB5FB-F4FC-49A1-ADAF-F6E443962C76}"
EndProject
Global
	GlobalSection(SolutionConfigurationPlatforms) = preSolution
		Debug|Any CPU = Debug|Any CPU
		Release|Any CPU = Release|Any CPU
	EndGlobalSection
	GlobalSection(ProjectConfigurationPlatforms) = postSolution
		{F2A84FB3-3D26-4F4B-A114-0A66C7259565}.Debug|Any CPU.ActiveCfg = Debug|Any CPU
		{F2A84FB3-3D26-4F4B-A114-0A66C7259565}.Debug|Any CPU.Build.0 = Debug|Any CPU
		{F2A84FB3-3D26-4F4B-A114-0A66C7259565}.Release|Any CPU.ActiveCfg = Release|Any CPU
		{F2A84FB3-3D26-4F4B-A114-0A66C7259565}.Release|Any CPU.Build.0 = Release|Any CPU
		{BE7362E8-ACD4-41E1-B5D0-D346E21BD4FE}.Debug|Any CPU.ActiveCfg = Debug|Any CPU
		{BE7362E8-ACD4-41E1-B5D0-D346E21BD4FE}.Debug|Any CPU.Build.0 = Debug|Any CPU
		{BE7362E8-ACD4-41E1-B5D0-D346E21BD4FE}.Release|Any CPU.ActiveCfg = Release|Any CPU
		{BE7362E8-ACD4-41E1-B5D0-D346E21BD4FE}.Release|Any CPU.Build.0 = Release|Any CPU
		{8C71A129-0E8D-4414-B30D-6B7C20CD7D7E}.Debug|Any CPU.ActiveCfg = Debug|Any CPU
		{8C71A129-0E8D-4414-B30D-6B7C20CD7D7E}.Debug|Any CPU.Build.0 = Debug|Any CPU
		{8C71A129-0E8D-4414-B30D-6B7C20CD7D7E}.Release|Any CPU.ActiveCfg = Release|Any CPU
		{8C71A129-0E8D-4414-B30D-6B7C20CD7D7E}.Release|Any CPU.Build.0 = Release|Any CPU
		{D1EDB5FB-F4FC-49A1-ADAF-F6E443962C76}.Debug|Any CPU.ActiveCfg = Debug|Any CPU
		{D1EDB5FB-F4FC-49A1-ADAF-F6E443962C76}.Debug|Any CPU.Build.0 = Debug|Any CPU
		{D1EDB5FB-F4FC-49A1-ADAF-F6E443962C76}.Release|Any CPU.ActiveCfg = Release|Any CPU
		{D1EDB5FB-F4FC-49A1-ADAF-F6E443962C76}.Release|Any CPU.Build.0 = Release|Any CPU
	EndGlobalSection
	GlobalSection(SolutionProperties) = preSolution
		HideSolutionNode = FALSE
	EndGlobalSection
	GlobalSection(NestedProjects) = preSolution
		{F2A84FB3-3D26-4F4B-A114-0A66C7259565} = {43118FCC-2DA1-427B-B8E7-588BF9480446}
		{BE7362E8-ACD4-41E1-B5D0-D346E21BD4FE} = {43118FCC-2DA1-427B-B8E7-588BF9480446}
		{8C71A129-0E8D-4414-B30D-6B7C20CD7D7E} = {6CFA5A70-0D45-452C-9CA9-189191ACB3EB}
		{D1EDB5FB-F4FC-49A1-ADAF-F6E443962C76} = {6CFA5A70-0D45-452C-9CA9-189191ACB3EB}
	EndGlobalSection
	GlobalSection(ExtensibilityGlobals) = postSolution
		SolutionGuid = {3473D1D5-3145-485D-B7F8-956298086EDC}
	EndGlobalSection
EndGlobal
