
Microsoft Visual Studio Solution File, Format Version 12.00
# Visual Studio Version 17
VisualStudioVersion = 17.4.33213.308
MinimumVisualStudioVersion = 10.0.40219.1
Project("{9A19103F-16F7-4668-BE54-9A1E7A4F7556}") = "ExampleWebAppSimple", "src\ExampleWebAppSimple\ExampleWebAppSimple.csproj", "{BF6E2C46-4F09-4FE3-8DDB-7E2C5E684FD0}"
EndProject
Project("{9A19103F-16F7-4668-BE54-9A1E7A4F7556}") = "ExampleWebAppMultipleEnvironments", "src\ExampleWebAppMultipleEnvironments\ExampleWebAppMultipleEnvironments.csproj", "{67A5798E-07EC-4DAB-AD9B-BA7242DB4C2E}"
EndProject
Global
	GlobalSection(SolutionConfigurationPlatforms) = preSolution
		Debug|Any CPU = Debug|Any CPU
		Release|Any CPU = Release|Any CPU
	EndGlobalSection
	GlobalSection(ProjectConfigurationPlatforms) = postSolution
		{BF6E2C46-4F09-4FE3-8DDB-7E2C5E684FD0}.Debug|Any CPU.ActiveCfg = Debug|Any CPU
		{BF6E2C46-4F09-4FE3-8DDB-7E2C5E684FD0}.Debug|Any CPU.Build.0 = Debug|Any CPU
		{BF6E2C46-4F09-4FE3-8DDB-7E2C5E684FD0}.Release|Any CPU.ActiveCfg = Release|Any CPU
		{BF6E2C46-4F09-4FE3-8DDB-7E2C5E684FD0}.Release|Any CPU.Build.0 = Release|Any CPU
		{67A5798E-07EC-4DAB-AD9B-BA7242DB4C2E}.Debug|Any CPU.ActiveCfg = Debug|Any CPU
		{67A5798E-07EC-4DAB-AD9B-BA7242DB4C2E}.Debug|Any CPU.Build.0 = Debug|Any CPU
		{67A5798E-07EC-4DAB-AD9B-BA7242DB4C2E}.Release|Any CPU.ActiveCfg = Release|Any CPU
		{67A5798E-07EC-4DAB-AD9B-BA7242DB4C2E}.Release|Any CPU.Build.0 = Release|Any CPU
	EndGlobalSection
	GlobalSection(SolutionProperties) = preSolution
		HideSolutionNode = FALSE
	EndGlobalSection
	GlobalSection(ExtensibilityGlobals) = postSolution
		SolutionGuid = {BA9B576E-01A4-4F5A-A67F-5B5BEEFC998F}
	EndGlobalSection
EndGlobal
